
Microsoft Visual Studio Solution File, Format Version 12.00
# Visual Studio 2012
Project("{8BC9CEB8-8B4A-11D0-8D11-00A0C91BC942}") = "Project1", "Project1\Project1.vcxproj", "{ED6AE4E7-1A70-4B47-B4A2-C560B3FA41EA}"
EndProject
Global
	GlobalSection(SolutionConfigurationPlatforms) = preSolution
		Debug|Win32 = Debug|Win32
		Release|Win32 = Release|Win32
	EndGlobalSection
	GlobalSection(ProjectConfigurationPlatforms) = postSolution
		{ED6AE4E7-1A70-4B47-B4A2-C560B3FA41EA}.Debug|Win32.ActiveCfg = Debug|Win32
		{ED6AE4E7-1A70-4B47-B4A2-C560B3FA41EA}.Debug|Win32.Build.0 = Debug|Win32
		{ED6AE4E7-1A70-4B47-B4A2-C560B3FA41EA}.Release|Win32.ActiveCfg = Release|Win32
		{ED6AE4E7-1A70-4B47-B4A2-C560B3FA41EA}.Release|Win32.Build.0 = Release|Win32
	EndGlobalSection
	GlobalSection(SolutionProperties) = preSolution
		HideSolutionNode = FALSE
	EndGlobalSection
EndGlobal
